<?xml version="1.0" encoding="utf-8"?>
<Project ToolsVersion="4.0" xmlns="http://schemas.microsoft.com/developer/msbuild/2003">
  <ItemGroup>
    <Filter Include="Source Files">
      <UniqueIdentifier>{827007BC-D473-4F7B-BA35-43AD3E83AF81}</UniqueIdentifier>
      <Extensions>cpp;c;cc;cxx;def;odl;idl;hpj;bat;asm;asmx</Extensions>
    </Filter>
    <Filter Include="Header Files">
      <UniqueIdentifier>{6EDEF0E2-3665-4EAE-80C7-73B58B7D93AF}</UniqueIdentifier>
      <Extensions>h;hpp;hxx;hm;inl;inc;xsd</Extensions>
    </Filter>
  </ItemGroup>
  <ItemGroup>
    <ClCompile Include="plugin.cpp">
      <Filter>Source Files</Filter>
    </ClCompile>
    <ClCompile Include="RackAFXDLL.cpp">
      <Filter>Source Files</Filter>
    </ClCompile>
    <ClCompile Include="Convolver.cpp">
      <Filter>Source Files</Filter>
    </ClCompile>
  </ItemGroup>
  <ItemGroup>
    <ClInclude Include="plugin.h">
      <Filter>Header Files</Filter>
    </ClInclude>
    <ClInclude Include="pluginconstants.h">
      <Filter>Header Files</Filter>
    </ClInclude>
    <ClInclude Include="RackAFXDLL.h">
      <Filter>Header Files</Filter>
    </ClInclude>
    <ClInclude Include="Convolver.h">
      <Filter>Header Files</Filter>
    </ClInclude>
  </ItemGroup>
</Project>

