<?xml version="1.0" encoding="UTF-8"?>
<Scheme
   version = "1.3">
   <BuildAction>
      <BuildActionEntries>
         <BuildActionEntry
            buildForRunning = "YES">
            <BuildableReference
               BuildableIdentifier = "primary"
               BlueprintIdentifier = "686F75EAFDE4F4E28118199C"
               BuildableName = "ca_7_3"
               BlueprintName = "ca_7_3"
               ReferencedContainer = "container:ca_7_3.xcodeproj">
            </BuildableReference>
         </BuildActionEntry>
      </BuildActionEntries>
   </BuildAction>
   <LaunchAction
      useCustomWorkingDirectory = "NO"
      buildConfiguration = "Debug">
      <BuildableProductRunnable>
         <BuildableReference
            BuildableIdentifier = "primary"
            BlueprintIdentifier = "686F75EAFDE4F4E28118199C"
            BuildableName = "ca_7_3"
            BlueprintName = "ca_7_3"
            ReferencedContainer = "container:ca_7_3.xcodeproj">
         </BuildableReference>
      </BuildableProductRunnable>
   </LaunchAction>
</Scheme>
